
Microsoft Visual Studio Solution File, Format Version 12.00
# Visual Studio Version 17
VisualStudioVersion = 17.7.34202.233
MinimumVisualStudioVersion = 10.0.40219.1
Project("{FAE04EC0-301F-11D3-BF4B-00C04F79EFBC}") = "E4_10", "E4_10.csproj", "{E4B9BAEE-4BC5-46CD-9FD7-89D33E3078F7}"
EndProject
Global
	GlobalSection(SolutionConfigurationPlatforms) = preSolution
		Debug|Any CPU = Debug|Any CPU
		Release|Any CPU = Release|Any CPU
	EndGlobalSection
	GlobalSection(ProjectConfigurationPlatforms) = postSolution
		{E4B9BAEE-4BC5-46CD-9FD7-89D33E3078F7}.Debug|Any CPU.ActiveCfg = Debug|Any CPU
		{E4B9BAEE-4BC5-46CD-9FD7-89D33E3078F7}.Debug|Any CPU.Build.0 = Debug|Any CPU
		{E4B9BAEE-4BC5-46CD-9FD7-89D33E3078F7}.Release|Any CPU.ActiveCfg = Release|Any CPU
		{E4B9BAEE-4BC5-46CD-9FD7-89D33E3078F7}.Release|Any CPU.Build.0 = Release|Any CPU
	EndGlobalSection
	GlobalSection(SolutionProperties) = preSolution
		HideSolutionNode = FALSE
	EndGlobalSection
	GlobalSection(ExtensibilityGlobals) = postSolution
		SolutionGuid = {6F780EBC-DC78-4497-9148-2CE59C4E42DE}
	EndGlobalSection
EndGlobal
