
Microsoft Visual Studio Solution File, Format Version 12.00
# Visual Studio Version 17
VisualStudioVersion = 17.7.34202.233
MinimumVisualStudioVersion = 10.0.40219.1
Project("{FAE04EC0-301F-11D3-BF4B-00C04F79EFBC}") = "E3_14", "E3_14.csproj", "{6151A310-D44A-4594-B963-997D4CAEFFA3}"
EndProject
Global
	GlobalSection(SolutionConfigurationPlatforms) = preSolution
		Debug|Any CPU = Debug|Any CPU
		Release|Any CPU = Release|Any CPU
	EndGlobalSection
	GlobalSection(ProjectConfigurationPlatforms) = postSolution
		{6151A310-D44A-4594-B963-997D4CAEFFA3}.Debug|Any CPU.ActiveCfg = Debug|Any CPU
		{6151A310-D44A-4594-B963-997D4CAEFFA3}.Debug|Any CPU.Build.0 = Debug|Any CPU
		{6151A310-D44A-4594-B963-997D4CAEFFA3}.Release|Any CPU.ActiveCfg = Release|Any CPU
		{6151A310-D44A-4594-B963-997D4CAEFFA3}.Release|Any CPU.Build.0 = Release|Any CPU
	EndGlobalSection
	GlobalSection(SolutionProperties) = preSolution
		HideSolutionNode = FALSE
	EndGlobalSection
	GlobalSection(ExtensibilityGlobals) = postSolution
		SolutionGuid = {391A8911-4088-479F-BBA9-4357A2618879}
	EndGlobalSection
EndGlobal
