
Microsoft Visual Studio Solution File, Format Version 12.00
# Visual Studio Version 17
VisualStudioVersion = 17.7.34202.233
MinimumVisualStudioVersion = 10.0.40219.1
Project("{FAE04EC0-301F-11D3-BF4B-00C04F79EFBC}") = "E3_18", "E3_18.csproj", "{27845344-0D14-4DC9-8F8C-393784A4AE27}"
EndProject
Global
	GlobalSection(SolutionConfigurationPlatforms) = preSolution
		Debug|Any CPU = Debug|Any CPU
		Release|Any CPU = Release|Any CPU
	EndGlobalSection
	GlobalSection(ProjectConfigurationPlatforms) = postSolution
		{27845344-0D14-4DC9-8F8C-393784A4AE27}.Debug|Any CPU.ActiveCfg = Debug|Any CPU
		{27845344-0D14-4DC9-8F8C-393784A4AE27}.Debug|Any CPU.Build.0 = Debug|Any CPU
		{27845344-0D14-4DC9-8F8C-393784A4AE27}.Release|Any CPU.ActiveCfg = Release|Any CPU
		{27845344-0D14-4DC9-8F8C-393784A4AE27}.Release|Any CPU.Build.0 = Release|Any CPU
	EndGlobalSection
	GlobalSection(SolutionProperties) = preSolution
		HideSolutionNode = FALSE
	EndGlobalSection
	GlobalSection(ExtensibilityGlobals) = postSolution
		SolutionGuid = {A2C3752F-D99B-4763-B926-AAE7FF0B1ADF}
	EndGlobalSection
EndGlobal
