
Microsoft Visual Studio Solution File, Format Version 12.00
# Visual Studio Version 17
VisualStudioVersion = 17.7.34202.233
MinimumVisualStudioVersion = 10.0.40219.1
Project("{FAE04EC0-301F-11D3-BF4B-00C04F79EFBC}") = "NRE2_8", "NRE2_8.csproj", "{B7295971-2295-48B5-AD87-13E1552DEB3A}"
EndProject
Global
	GlobalSection(SolutionConfigurationPlatforms) = preSolution
		Debug|Any CPU = Debug|Any CPU
		Release|Any CPU = Release|Any CPU
	EndGlobalSection
	GlobalSection(ProjectConfigurationPlatforms) = postSolution
		{B7295971-2295-48B5-AD87-13E1552DEB3A}.Debug|Any CPU.ActiveCfg = Debug|Any CPU
		{B7295971-2295-48B5-AD87-13E1552DEB3A}.Debug|Any CPU.Build.0 = Debug|Any CPU
		{B7295971-2295-48B5-AD87-13E1552DEB3A}.Release|Any CPU.ActiveCfg = Release|Any CPU
		{B7295971-2295-48B5-AD87-13E1552DEB3A}.Release|Any CPU.Build.0 = Release|Any CPU
	EndGlobalSection
	GlobalSection(SolutionProperties) = preSolution
		HideSolutionNode = FALSE
	EndGlobalSection
	GlobalSection(ExtensibilityGlobals) = postSolution
		SolutionGuid = {8F388D5C-318A-4713-A2D2-8C19126F3B01}
	EndGlobalSection
EndGlobal
