
Microsoft Visual Studio Solution File, Format Version 12.00
# Visual Studio Version 17
VisualStudioVersion = 17.7.34202.233
MinimumVisualStudioVersion = 10.0.40219.1
Project("{FAE04EC0-301F-11D3-BF4B-00C04F79EFBC}") = "E3_15", "E3_15.csproj", "{D41451ED-C356-4946-B193-0078CF1E664A}"
EndProject
Global
	GlobalSection(SolutionConfigurationPlatforms) = preSolution
		Debug|Any CPU = Debug|Any CPU
		Release|Any CPU = Release|Any CPU
	EndGlobalSection
	GlobalSection(ProjectConfigurationPlatforms) = postSolution
		{D41451ED-C356-4946-B193-0078CF1E664A}.Debug|Any CPU.ActiveCfg = Debug|Any CPU
		{D41451ED-C356-4946-B193-0078CF1E664A}.Debug|Any CPU.Build.0 = Debug|Any CPU
		{D41451ED-C356-4946-B193-0078CF1E664A}.Release|Any CPU.ActiveCfg = Release|Any CPU
		{D41451ED-C356-4946-B193-0078CF1E664A}.Release|Any CPU.Build.0 = Release|Any CPU
	EndGlobalSection
	GlobalSection(SolutionProperties) = preSolution
		HideSolutionNode = FALSE
	EndGlobalSection
	GlobalSection(ExtensibilityGlobals) = postSolution
		SolutionGuid = {A23D616E-F146-4D2A-B1BF-F605DB048E85}
	EndGlobalSection
EndGlobal
