
Microsoft Visual Studio Solution File, Format Version 12.00
# Visual Studio Version 17
VisualStudioVersion = 17.7.34202.233
MinimumVisualStudioVersion = 10.0.40219.1
Project("{FAE04EC0-301F-11D3-BF4B-00C04F79EFBC}") = "E3_16", "E3_16.csproj", "{A34FA86F-4BA9-40A6-9100-AFF9BD59BC7A}"
EndProject
Global
	GlobalSection(SolutionConfigurationPlatforms) = preSolution
		Debug|Any CPU = Debug|Any CPU
		Release|Any CPU = Release|Any CPU
	EndGlobalSection
	GlobalSection(ProjectConfigurationPlatforms) = postSolution
		{A34FA86F-4BA9-40A6-9100-AFF9BD59BC7A}.Debug|Any CPU.ActiveCfg = Debug|Any CPU
		{A34FA86F-4BA9-40A6-9100-AFF9BD59BC7A}.Debug|Any CPU.Build.0 = Debug|Any CPU
		{A34FA86F-4BA9-40A6-9100-AFF9BD59BC7A}.Release|Any CPU.ActiveCfg = Release|Any CPU
		{A34FA86F-4BA9-40A6-9100-AFF9BD59BC7A}.Release|Any CPU.Build.0 = Release|Any CPU
	EndGlobalSection
	GlobalSection(SolutionProperties) = preSolution
		HideSolutionNode = FALSE
	EndGlobalSection
	GlobalSection(ExtensibilityGlobals) = postSolution
		SolutionGuid = {6D546FCC-32E8-4A6C-8392-973E3B73F3BD}
	EndGlobalSection
EndGlobal
