
Microsoft Visual Studio Solution File, Format Version 12.00
# Visual Studio Version 17
VisualStudioVersion = 17.7.34202.233
MinimumVisualStudioVersion = 10.0.40219.1
Project("{FAE04EC0-301F-11D3-BF4B-00C04F79EFBC}") = "NLE2_9", "NLE2_9.csproj", "{5B57EE8F-18D5-4BE3-9ECE-D799B0560FB7}"
EndProject
Global
	GlobalSection(SolutionConfigurationPlatforms) = preSolution
		Debug|Any CPU = Debug|Any CPU
		Release|Any CPU = Release|Any CPU
	EndGlobalSection
	GlobalSection(ProjectConfigurationPlatforms) = postSolution
		{5B57EE8F-18D5-4BE3-9ECE-D799B0560FB7}.Debug|Any CPU.ActiveCfg = Debug|Any CPU
		{5B57EE8F-18D5-4BE3-9ECE-D799B0560FB7}.Debug|Any CPU.Build.0 = Debug|Any CPU
		{5B57EE8F-18D5-4BE3-9ECE-D799B0560FB7}.Release|Any CPU.ActiveCfg = Release|Any CPU
		{5B57EE8F-18D5-4BE3-9ECE-D799B0560FB7}.Release|Any CPU.Build.0 = Release|Any CPU
	EndGlobalSection
	GlobalSection(SolutionProperties) = preSolution
		HideSolutionNode = FALSE
	EndGlobalSection
	GlobalSection(ExtensibilityGlobals) = postSolution
		SolutionGuid = {45B25E17-4377-49A8-9E2E-C1781F860972}
	EndGlobalSection
EndGlobal
