
Microsoft Visual Studio Solution File, Format Version 12.00
# Visual Studio Version 17
VisualStudioVersion = 17.7.34202.233
MinimumVisualStudioVersion = 10.0.40219.1
Project("{FAE04EC0-301F-11D3-BF4B-00C04F79EFBC}") = "E3_24", "E3_24.csproj", "{38D50BA6-95B4-4279-A3D0-6085A9BB1915}"
EndProject
Global
	GlobalSection(SolutionConfigurationPlatforms) = preSolution
		Debug|Any CPU = Debug|Any CPU
		Release|Any CPU = Release|Any CPU
	EndGlobalSection
	GlobalSection(ProjectConfigurationPlatforms) = postSolution
		{38D50BA6-95B4-4279-A3D0-6085A9BB1915}.Debug|Any CPU.ActiveCfg = Debug|Any CPU
		{38D50BA6-95B4-4279-A3D0-6085A9BB1915}.Debug|Any CPU.Build.0 = Debug|Any CPU
		{38D50BA6-95B4-4279-A3D0-6085A9BB1915}.Release|Any CPU.ActiveCfg = Release|Any CPU
		{38D50BA6-95B4-4279-A3D0-6085A9BB1915}.Release|Any CPU.Build.0 = Release|Any CPU
	EndGlobalSection
	GlobalSection(SolutionProperties) = preSolution
		HideSolutionNode = FALSE
	EndGlobalSection
	GlobalSection(ExtensibilityGlobals) = postSolution
		SolutionGuid = {81D96D18-BF00-4B02-BAEC-A01CD31DA35B}
	EndGlobalSection
EndGlobal
