
Microsoft Visual Studio Solution File, Format Version 12.00
# Visual Studio Version 17
VisualStudioVersion = 17.7.34202.233
MinimumVisualStudioVersion = 10.0.40219.1
Project("{FAE04EC0-301F-11D3-BF4B-00C04F79EFBC}") = "E3_25", "E3_25.csproj", "{8C8973F4-CA99-493C-A93D-AB718C02B4DE}"
EndProject
Global
	GlobalSection(SolutionConfigurationPlatforms) = preSolution
		Debug|Any CPU = Debug|Any CPU
		Release|Any CPU = Release|Any CPU
	EndGlobalSection
	GlobalSection(ProjectConfigurationPlatforms) = postSolution
		{8C8973F4-CA99-493C-A93D-AB718C02B4DE}.Debug|Any CPU.ActiveCfg = Debug|Any CPU
		{8C8973F4-CA99-493C-A93D-AB718C02B4DE}.Debug|Any CPU.Build.0 = Debug|Any CPU
		{8C8973F4-CA99-493C-A93D-AB718C02B4DE}.Release|Any CPU.ActiveCfg = Release|Any CPU
		{8C8973F4-CA99-493C-A93D-AB718C02B4DE}.Release|Any CPU.Build.0 = Release|Any CPU
	EndGlobalSection
	GlobalSection(SolutionProperties) = preSolution
		HideSolutionNode = FALSE
	EndGlobalSection
	GlobalSection(ExtensibilityGlobals) = postSolution
		SolutionGuid = {DEB2F522-34E8-4110-BA82-F0DB678A2AB3}
	EndGlobalSection
EndGlobal
